<Project xmlns="http://schemas.microsoft.com/developer/msbuild/2003">
    <PropertyGroup>
        <ProjectGuid>{B5B35DA0-B552-4DF4-8839-38523AA22986}</ProjectGuid>
        <ProjectVersion>18.2</ProjectVersion>
        <FrameworkType>VCL</FrameworkType>
        <MainSource>Tarock.dpr</MainSource>
        <Base>True</Base>
        <Config Condition="'$(Config)'==''">Debug</Config>
        <Platform Condition="'$(Platform)'==''">Win32</Platform>
        <TargetedPlatforms>1</TargetedPlatforms>
        <AppType>Application</AppType>
    </PropertyGroup>
    <PropertyGroup Condition="'$(Config)'=='Base' or '$(Base)'!=''">
        <Base>true</Base>
    </PropertyGroup>
    <PropertyGroup Condition="('$(Platform)'=='Win32' and '$(Base)'=='true') or '$(Base_Win32)'!=''">
        <Base_Win32>true</Base_Win32>
        <CfgParent>Base</CfgParent>
        <Base>true</Base>
    </PropertyGroup>
    <PropertyGroup Condition="('$(Platform)'=='Win64' and '$(Base)'=='true') or '$(Base_Win64)'!=''">
        <Base_Win64>true</Base_Win64>
        <CfgParent>Base</CfgParent>
        <Base>true</Base>
    </PropertyGroup>
    <PropertyGroup Condition="'$(Config)'=='Debug' or '$(Cfg_1)'!=''">
        <Cfg_1>true</Cfg_1>
        <CfgParent>Base</CfgParent>
        <Base>true</Base>
    </PropertyGroup>
    <PropertyGroup Condition="('$(Platform)'=='Win32' and '$(Cfg_1)'=='true') or '$(Cfg_1_Win32)'!=''">
        <Cfg_1_Win32>true</Cfg_1_Win32>
        <CfgParent>Cfg_1</CfgParent>
        <Cfg_1>true</Cfg_1>
        <Base>true</Base>
    </PropertyGroup>
    <PropertyGroup Condition="'$(Config)'=='Release' or '$(Cfg_2)'!=''">
        <Cfg_2>true</Cfg_2>
        <CfgParent>Base</CfgParent>
        <Base>true</Base>
    </PropertyGroup>
    <PropertyGroup Condition="('$(Platform)'=='Win32' and '$(Cfg_2)'=='true') or '$(Cfg_2_Win32)'!=''">
        <Cfg_2_Win32>true</Cfg_2_Win32>
        <CfgParent>Cfg_2</CfgParent>
        <Cfg_2>true</Cfg_2>
        <Base>true</Base>
    </PropertyGroup>
    <PropertyGroup Condition="'$(Base)'!=''">
        <UWP_DelphiLogo44>$(BDS)\bin\Artwork\Windows\UWP\delphi_UwpDefault_44.png</UWP_DelphiLogo44>
        <UWP_DelphiLogo150>$(BDS)\bin\Artwork\Windows\UWP\delphi_UwpDefault_150.png</UWP_DelphiLogo150>
        <SanitizedProjectName>Tarock</SanitizedProjectName>
        <DCC_Namespace>System;Xml;Data;Datasnap;Web;Soap;Vcl;Vcl.Imaging;Vcl.Touch;Vcl.Samples;Vcl.Shell;$(DCC_Namespace)</DCC_Namespace>
        <Icon_MainIcon>$(BDS)\bin\delphi_PROJECTICON.ico</Icon_MainIcon>
        <DCC_DcuOutput>.\$(Platform)\$(Config)</DCC_DcuOutput>
        <DCC_ExeOutput>.\$(Platform)\$(Config)</DCC_ExeOutput>
        <DCC_E>false</DCC_E>
        <DCC_N>false</DCC_N>
        <DCC_S>false</DCC_S>
        <DCC_F>false</DCC_F>
        <DCC_K>false</DCC_K>
    </PropertyGroup>
    <PropertyGroup Condition="'$(Base_Win32)'!=''">
        <DCC_UsePackage>DBXSqliteDriver;dxSpreadSheetConditionalFormattingDialogsRS24;DBXDb2Driver;vquery240;dxPSdxGaugeControlLnkRS24;OIPKGRXE10;vclactnband;dxSpreadSheetRS24;rbADO1724;dxDockingRS24;SMImportR24;tethering;dxPScxTLLnkRS24;ColorVisualizerD24;dxBarExtItemsRS24;RDCompR24;clInetSuiteSSHR24;vcltouch;vcldb;dxSkinscxSchedulerPainterRS24;JamShellR24;SMExportR24;dxSkinsdxBarPainterRS24;dxADOServerModeRS24;dxGDIPlusRS24;dxPSdxDBTVLnkRS24;crcontrols240;GFDSTDRXE10;tmsexdXE10;rbRCL1724;dxNavBarRS24;vclx;cxTreeListRS24;TeeUI924;dxtrmdRS24;rbCIDE1724;PKIECtrl24;RESTBackendComponents;dxRibbonRS24;VCLRESTComponents;rbFireDAC1724;cxExportRS24;cxPivotGridChartRS24;cxTreeListdxBarPopupMenuRS24;TeeTree2D24Tee9;dxTabbedMDIRS24;vclie;akmgrdR24;bindengine;CloudService;TeeImport924;cxPivotGridOLAPRS24;rRwWebBrowserVCL240;DataSnapClient;dxPSLnksRS24;rRwEasyMAPI240;DBXSybaseASEDriver;IndyIPServer;dxSkinsdxRibbonPainterRS24;dxCoreRS24;IndySystem;TeeLanguage924;dsnapcon;rbDB1724;TMSWorkflow;vclimg;emshosting;dxBarDBNavRS24;TMSDiagram;TeeGL924;DUnitXRuntime;DBXOdbcDriver;rbIDE1724;dxPSdxLCLnkRS24;dxPScxExtCommonRS24;dxPScxPivotGridLnkRS24;soaprtl;DbxCommonDriver;RDUnitTest;xmlrtl;DataSnapNativeClient;soapmidas;rtl;wPDF3R24;DbxClientDriver;cxGridRS24;DBXSybaseASADriver;dxLayoutControlRS24;dxSpellCheckerRS24;GFDLIBRXE10;cxLibraryRS24;appanalytics;dRwWebBrowserVCL240;dxDBXServerModeRS24;dxSkinsCoreRS24;dxMapControlRS24;IndyIPClient;bindcompvcl;dxPSdxMapControlLnkRS24;rbBDE1724;cxPageControlRS24;dxPsPrVwAdvRS24;cxEditorsRS24;TeeImage924;VclSmp;cxSchedulerRibbonStyleEventEditorRS24;VirtualTreesR24;DataSnapIndy10ServerTransport;dxSkinscxPCPainterRS24;dxPSPrVwRibbonRS24;dxSpreadSheetReportDesignerRS24;DataSnapProviderClient;TeePro924;dxdborRS24;dxmdsRS24;cxSchedulerGridRS24;RESTComponents;rbDAD1724;dxHttpIndyRequestRS24;rbTCUI1724;DBXInterBaseDriver;cxPivotGridRS24;DataSnapServerMidas;JvclR24;rRwControlsVCL240;TeeDB924;dxdbtrRS24;dxPScxPCProdRS24;DBXMSSQLDriver;DatasnapConnectorsFreePascal;dxWizardControlRS24;CPortLibR24;dxBarExtDBItemsRS24;DBXOracleDriver;rbDBE1724;unidacvcl240;inetdb;cxSchedulerTreeBrowserRS24;dxPSdxOCLnkRS24;dxPSdxFCLnkRS24;emsedge;AbbreviaZipR24;unidac240;RDRepositoryR24;Tee924;dbexpress;IndyCore;dxTileControlRS24;dxPSdxSpreadSheetLnkRS24;dsnap;DataSnapCommon;emsclient;cxDataRS24;rbUSERDesign1724;DataSnapConnectors;soapserver;dac240;dxOfficeCoreRS24;dxBarRS24;DBXMySQLDriver;PKIEDB24;dxPSRichEditControlLnkRS24;DBXFirebirdDriver;dxPScxCommonRS24;clInetSuiteR24;dxPSdxPDFViewerLnkRS24;inet;rbUSER1724;IndyIPCommon;vcl;dxPSdxDBOCLnkRS24;dxThemeRS24;dxPScxGridLnkRS24;dxPScxVGridLnkRS24;DropMasterVclR24;rRwCommon240;dxServerModeRS24;TMSCloudPkgDXE10;TeeWorld924;WPToolsR24;dacvcl240;DataSnapServer;WPToolsRTR24;vclwinx;cxSchedulerRS24;dxSkinsdxDLPainterRS24;dxPSCoreRS24;CustomIPTransport;vcldsnap;dxPScxSchedulerLnkRS24;dxRibbonCustomizationFormRS24;bindcomp;EXLReportR24;DBXInformixDriver;dxorgcRS24;dxPDFViewerRS24;EurekaLogCore;WPViewPDFR24;dxRichEditControlRS24;dxSkinsdxNavBarPainterRS24;dbxcds;rRwEasyMAPIVCL240;ThrdPartyCmpsR24;adortl;rbTC1724;dxComnRS24;cxVerticalGridRS24;dxFlowChartRS24;dsnapxml;dbrtl;IndyProtocols;inetdbxpress;dxGaugeControlRS24;tmsdXE10;WiRLRunTime;WiRLServerWizard;$(DCC_UsePackage)</DCC_UsePackage>
        <BT_BuildType>Debug</BT_BuildType>
        <VerInfo_Locale>1033</VerInfo_Locale>
        <VerInfo_IncludeVerInfo>true</VerInfo_IncludeVerInfo>
        <DCC_Namespace>Winapi;System.Win;Data.Win;Datasnap.Win;Web.Win;Soap.Win;Xml.Win;Bde;$(DCC_Namespace)</DCC_Namespace>
        <Manifest_File>$(BDS)\bin\default_app.manifest</Manifest_File>
        <VerInfo_Keys>CompanyName=;FileDescription=$(MSBuildProjectName);FileVersion=1.0.0.0;InternalName=;LegalCopyright=;LegalTrademarks=;OriginalFilename=;ProgramID=com.embarcadero.$(MSBuildProjectName);ProductName=$(MSBuildProjectName);ProductVersion=1.0.0.0;Comments=</VerInfo_Keys>
    </PropertyGroup>
    <PropertyGroup Condition="'$(Base_Win64)'!=''">
        <DCC_UsePackage>DBXSqliteDriver;dxSpreadSheetConditionalFormattingDialogsRS24;DBXDb2Driver;dxPSdxGaugeControlLnkRS24;OIPKGRXE10;vclactnband;dxSpreadSheetRS24;rbADO1724;dxDockingRS24;SMImportR24;tethering;dxPScxTLLnkRS24;dxBarExtItemsRS24;RDCompR24;clInetSuiteSSHR24;vcltouch;vcldb;dxSkinscxSchedulerPainterRS24;JamShellR24;SMExportR24;dxSkinsdxBarPainterRS24;dxADOServerModeRS24;dxGDIPlusRS24;dxPSdxDBTVLnkRS24;GFDSTDRXE10;tmsexdXE10;rbRCL1724;dxNavBarRS24;vclx;cxTreeListRS24;dxtrmdRS24;rbCIDE1724;PKIECtrl24;RESTBackendComponents;dxRibbonRS24;VCLRESTComponents;rbFireDAC1724;cxExportRS24;cxPivotGridChartRS24;cxTreeListdxBarPopupMenuRS24;dxTabbedMDIRS24;vclie;akmgrdR24;bindengine;CloudService;cxPivotGridOLAPRS24;rRwWebBrowserVCL240;DataSnapClient;dxPSLnksRS24;rRwEasyMAPI240;DBXSybaseASEDriver;IndyIPServer;dxSkinsdxRibbonPainterRS24;dxCoreRS24;IndySystem;dsnapcon;rbDB1724;TMSWorkflow;vclimg;emshosting;dxBarDBNavRS24;TMSDiagram;DUnitXRuntime;DBXOdbcDriver;rbIDE1724;dxPSdxLCLnkRS24;dxPScxExtCommonRS24;dxPScxPivotGridLnkRS24;soaprtl;DbxCommonDriver;xmlrtl;DataSnapNativeClient;soapmidas;rtl;wPDF3R24;DbxClientDriver;cxGridRS24;DBXSybaseASADriver;dxLayoutControlRS24;dxSpellCheckerRS24;GFDLIBRXE10;cxLibraryRS24;appanalytics;dxDBXServerModeRS24;dxSkinsCoreRS24;dxMapControlRS24;IndyIPClient;bindcompvcl;dxPSdxMapControlLnkRS24;rbBDE1724;cxPageControlRS24;dxPsPrVwAdvRS24;cxEditorsRS24;VclSmp;cxSchedulerRibbonStyleEventEditorRS24;VirtualTreesR24;DataSnapIndy10ServerTransport;dxSkinscxPCPainterRS24;dxPSPrVwRibbonRS24;dxSpreadSheetReportDesignerRS24;DataSnapProviderClient;dxdborRS24;dxmdsRS24;cxSchedulerGridRS24;RESTComponents;rbDAD1724;dxHttpIndyRequestRS24;rbTCUI1724;DBXInterBaseDriver;cxPivotGridRS24;DataSnapServerMidas;JvclR24;rRwControlsVCL240;dxdbtrRS24;dxPScxPCProdRS24;DBXMSSQLDriver;DatasnapConnectorsFreePascal;dxWizardControlRS24;CPortLibR24;dxBarExtDBItemsRS24;DBXOracleDriver;rbDBE1724;inetdb;cxSchedulerTreeBrowserRS24;dxPSdxOCLnkRS24;dxPSdxFCLnkRS24;emsedge;AbbreviaZipR24;RDRepositoryR24;dbexpress;IndyCore;dxTileControlRS24;dxPSdxSpreadSheetLnkRS24;dsnap;DataSnapCommon;emsclient;cxDataRS24;rbUSERDesign1724;DataSnapConnectors;soapserver;dxOfficeCoreRS24;dxBarRS24;DBXMySQLDriver;PKIEDB24;dxPSRichEditControlLnkRS24;DBXFirebirdDriver;dxPScxCommonRS24;clInetSuiteR24;dxPSdxPDFViewerLnkRS24;inet;rbUSER1724;IndyIPCommon;vcl;dxPSdxDBOCLnkRS24;dxThemeRS24;dxPScxGridLnkRS24;dxPScxVGridLnkRS24;DropMasterVclR24;rRwCommon240;dxServerModeRS24;TMSCloudPkgDXE10;WPToolsR24;DataSnapServer;WPToolsRTR24;vclwinx;cxSchedulerRS24;dxSkinsdxDLPainterRS24;dxPSCoreRS24;CustomIPTransport;vcldsnap;dxPScxSchedulerLnkRS24;dxRibbonCustomizationFormRS24;bindcomp;EXLReportR24;DBXInformixDriver;dxorgcRS24;dxPDFViewerRS24;EurekaLogCore;WPViewPDFR24;dxRichEditControlRS24;dxSkinsdxNavBarPainterRS24;dbxcds;rRwEasyMAPIVCL240;ThrdPartyCmpsR24;adortl;rbTC1724;dxComnRS24;cxVerticalGridRS24;dxFlowChartRS24;dsnapxml;dbrtl;IndyProtocols;inetdbxpress;dxGaugeControlRS24;tmsdXE10;WiRLRunTime;$(DCC_UsePackage)</DCC_UsePackage>
    </PropertyGroup>
    <PropertyGroup Condition="'$(Cfg_1)'!=''">
        <DCC_Define>DEBUG;$(DCC_Define)</DCC_Define>
        <DCC_DebugDCUs>true</DCC_DebugDCUs>
        <DCC_Optimize>false</DCC_Optimize>
        <DCC_GenerateStackFrames>true</DCC_GenerateStackFrames>
        <DCC_DebugInfoInExe>true</DCC_DebugInfoInExe>
        <DCC_RemoteDebug>true</DCC_RemoteDebug>
    </PropertyGroup>
    <PropertyGroup Condition="'$(Cfg_1_Win32)'!=''">
        <AppEnableRuntimeThemes>true</AppEnableRuntimeThemes>
        <AppEnableHighDPI>true</AppEnableHighDPI>
        <DCC_RemoteDebug>false</DCC_RemoteDebug>
    </PropertyGroup>
    <PropertyGroup Condition="'$(Cfg_2)'!=''">
        <DCC_LocalDebugSymbols>false</DCC_LocalDebugSymbols>
        <DCC_Define>RELEASE;$(DCC_Define)</DCC_Define>
        <DCC_SymbolReferenceInfo>0</DCC_SymbolReferenceInfo>
        <DCC_DebugInformation>0</DCC_DebugInformation>
    </PropertyGroup>
    <PropertyGroup Condition="'$(Cfg_2_Win32)'!=''">
        <AppEnableRuntimeThemes>true</AppEnableRuntimeThemes>
        <AppEnableHighDPI>true</AppEnableHighDPI>
    </PropertyGroup>
    <ItemGroup>
        <DelphiCompile Include="$(MainSource)">
            <MainSource>MainSource</MainSource>
        </DelphiCompile>
        <DCCReference Include="TarockFrm.pas">
            <Form>frmTarock</Form>
            <FormType>dfm</FormType>
        </DCCReference>
        <DCCReference Include="TarockDM.pas">
            <Form>dmTarock</Form>
            <FormType>dfm</FormType>
            <DesignClass>TDataModule</DesignClass>
        </DCCReference>
        <DCCReference Include="Rest.Neon.pas"/>
        <DCCReference Include="Classes.Entities.pas"/>
        <DCCReference Include="..\Common\Common.Entities.Card.pas"/>
        <DCCReference Include="Classes.CardControl.pas"/>
        <DCCReference Include="..\Common\Common.Entities.Round.pas"/>
        <DCCReference Include="..\Common\Common.Entities.GameType.pas"/>
        <DCCReference Include="GamesSelectFra.pas">
            <Form>fraGameSelect</Form>
            <FormType>dfm</FormType>
            <DesignClass>TFrame</DesignClass>
        </DCCReference>
        <DCCReference Include="..\Common\Common.Entities.Gamesituation.pas"/>
        <DCCReference Include="..\Common\Common.Entities.Player.pas"/>
        <DCCReference Include="..\Common\Common.Entities.Bet.pas"/>
        <DCCReference Include="ConnectionErrorFrm.pas">
            <Form>frmConnectionError</Form>
            <FormType>dfm</FormType>
        </DCCReference>
        <DCCReference Include="KingSelectFra.pas">
            <Form>fraKingSelect</Form>
            <FormType>dfm</FormType>
            <DesignClass>TFrame</DesignClass>
        </DCCReference>
        <DCCReference Include="TalonSelectFra.pas">
            <Form>fraTalonSelect</Form>
            <FormType>dfm</FormType>
            <DesignClass>TFrame</DesignClass>
        </DCCReference>
        <DCCReference Include="BiddingFra.pas">
            <Form>fraBidding</Form>
            <FormType>dfm</FormType>
            <DesignClass>TFrame</DesignClass>
        </DCCReference>
        <BuildConfiguration Include="Release">
            <Key>Cfg_2</Key>
            <CfgParent>Base</CfgParent>
        </BuildConfiguration>
        <BuildConfiguration Include="Base">
            <Key>Base</Key>
        </BuildConfiguration>
        <BuildConfiguration Include="Debug">
            <Key>Cfg_1</Key>
            <CfgParent>Base</CfgParent>
        </BuildConfiguration>
    </ItemGroup>
    <ProjectExtensions>
        <Borland.Personality>Delphi.Personality.12</Borland.Personality>
        <Borland.ProjectType>Application</Borland.ProjectType>
        <BorlandProject>
            <Delphi.Personality>
                <Source>
                    <Source Name="MainSource">Tarock.dpr</Source>
                </Source>
                <Excluded_Packages>
                    <Excluded_Packages Name="D:\PROJECTSME\LIBRARY\BIN\Win32\DelphiHelpExpert240.bpl">File D:\PROJECTSME\LIBRARY\BIN\Win32\DelphiHelpExpert240.bpl not found</Excluded_Packages>
                    <Excluded_Packages Name="$(BDSBIN)\DataExplorerFireDACPlugin240.bpl">FireDAC Data Explorer Integration</Excluded_Packages>
                    <Excluded_Packages Name="$(BDSBIN)\dclDataSnapFireDAC240.bpl">Embarcadero DataSnap FireDAC</Excluded_Packages>
                    <Excluded_Packages Name="$(BDSBIN)\dclemsclientfiredac240.bpl">Embarcadero EMS Client FireDAC Components</Excluded_Packages>
                    <Excluded_Packages Name="$(BDSBIN)\dclFireDAC240.bpl">Embarcadero FireDAC Components</Excluded_Packages>
                    <Excluded_Packages Name="$(BDSBIN)\dclFireDACEnt240.bpl">Embarcadero FireDAC C\S Components</Excluded_Packages>
                    <Excluded_Packages Name="$(BDSBIN)\dclFireDACEntExt240.bpl">Embarcadero FireDAC Ext C\S Components</Excluded_Packages>
                    <Excluded_Packages Name="$(BDSBIN)\dclFMXFireDAC240.bpl">Embarcadero FMX FireDAC Components</Excluded_Packages>
                    <Excluded_Packages Name="$(BDSBIN)\dclfmxstd240.bpl">Embarcadero FMX Standard Components</Excluded_Packages>
                    <Excluded_Packages Name="$(BDSBIN)\dclIntraweb_140_240.bpl">IntraWeb 14.0 Design Package for RAD Studio XE6</Excluded_Packages>
                    <Excluded_Packages Name="$(BDSBIN)\dcloffice2k240.bpl">Microsoft Office 2000 Sample Automation Server Wrapper Components</Excluded_Packages>
                    <Excluded_Packages Name="$(BDSBIN)\dclofficexp240.bpl">Microsoft Office XP Sample Automation Server Wrapper Components</Excluded_Packages>
                    <Excluded_Packages Name="$(BDSBIN)\dclVclFireDAC240.bpl">Embarcadero VCL FireDAC Components</Excluded_Packages>
                    <Excluded_Packages Name="$(BDSBIN)\fmxstyledesigner240.bpl">Embarcadero Style Designer Package</Excluded_Packages>
                    <Excluded_Packages Name="$(BDSBIN)\hgide240.bpl">Embarcadero Mercurial Integration</Excluded_Packages>
                    <Excluded_Packages Name="$(BDSBIN)\svnide240.bpl">Embarcadero Subversion Integration</Excluded_Packages>
                    <Excluded_Packages Name="D:\PROJECTSME\LIBRARY\BIN\Win32\dclDAD1724.bpl">ReportBuilder Data Access Environment</Excluded_Packages>
                    <Excluded_Packages Name="D:\PROJECTSME\LIBRARY\TeeChart\Delphi24\Delphi24.win32\Bin\DclTeeMaker124.bpl">TeeMaker</Excluded_Packages>
                </Excluded_Packages>
            </Delphi.Personality>
            <Deployment Version="3">
                <DeployFile LocalName="Win32\Debug\Tarock.exe" Configuration="Debug" Class="ProjectOutput">
                    <Platform Name="Win32">
                        <RemoteName>Tarock.exe</RemoteName>
                        <Overwrite>true</Overwrite>
                    </Platform>
                </DeployFile>
                <DeployClass Name="DependencyModule">
                    <Platform Name="Win32">
                        <Operation>0</Operation>
                        <Extensions>.dll;.bpl</Extensions>
                    </Platform>
                    <Platform Name="iOSDevice64">
                        <Operation>1</Operation>
                        <Extensions>.dylib</Extensions>
                    </Platform>
                    <Platform Name="OSX32">
                        <RemoteDir>Contents\MacOS</RemoteDir>
                        <Operation>1</Operation>
                        <Extensions>.dylib</Extensions>
                    </Platform>
                    <Platform Name="iOSDevice32">
                        <Operation>1</Operation>
                        <Extensions>.dylib</Extensions>
                    </Platform>
                    <Platform Name="iOSSimulator">
                        <Operation>1</Operation>
                        <Extensions>.dylib</Extensions>
                    </Platform>
                </DeployClass>
                <DeployClass Name="ProjectOSXResource">
                    <Platform Name="OSX32">
                        <RemoteDir>Contents\Resources</RemoteDir>
                        <Operation>1</Operation>
                    </Platform>
                </DeployClass>
                <DeployClass Name="AndroidClassesDexFile">
                    <Platform Name="Android">
                        <RemoteDir>classes</RemoteDir>
                        <Operation>1</Operation>
                    </Platform>
                </DeployClass>
                <DeployClass Name="AdditionalDebugSymbols">
                    <Platform Name="Win32">
                        <RemoteDir>Contents\MacOS</RemoteDir>
                        <Operation>0</Operation>
                    </Platform>
                    <Platform Name="iOSSimulator">
                        <Operation>1</Operation>
                    </Platform>
                    <Platform Name="OSX32">
                        <RemoteDir>Contents\MacOS</RemoteDir>
                        <Operation>1</Operation>
                    </Platform>
                </DeployClass>
                <DeployClass Name="iPad_Launch768">
                    <Platform Name="iOSSimulator">
                        <Operation>1</Operation>
                    </Platform>
                    <Platform Name="iOSDevice64">
                        <Operation>1</Operation>
                    </Platform>
                    <Platform Name="iOSDevice32">
                        <Operation>1</Operation>
                    </Platform>
                </DeployClass>
                <DeployClass Name="Android_LauncherIcon144">
                    <Platform Name="Android">
                        <RemoteDir>res\drawable-xxhdpi</RemoteDir>
                        <Operation>1</Operation>
                    </Platform>
                </DeployClass>
                <DeployClass Name="AndroidLibnativeMipsFile">
                    <Platform Name="Android">
                        <RemoteDir>library\lib\mips</RemoteDir>
                        <Operation>1</Operation>
                    </Platform>
                </DeployClass>
                <DeployClass Required="true" Name="ProjectOutput">
                    <Platform Name="iOSDevice64">
                        <Operation>1</Operation>
                    </Platform>
                    <Platform Name="iOSDevice32">
                        <Operation>1</Operation>
                    </Platform>
                    <Platform Name="Win32">
                        <Operation>0</Operation>
                    </Platform>
                    <Platform Name="Linux64">
                        <Operation>1</Operation>
                    </Platform>
                    <Platform Name="OSX32">
                        <RemoteDir>Contents\MacOS</RemoteDir>
                        <Operation>1</Operation>
                    </Platform>
                    <Platform Name="Android">
                        <RemoteDir>library\lib\armeabi-v7a</RemoteDir>
                        <Operation>1</Operation>
                    </Platform>
                    <Platform Name="iOSSimulator">
                        <Operation>1</Operation>
                    </Platform>
                </DeployClass>
                <DeployClass Name="DependencyFramework">
                    <Platform Name="Win32">
                        <Operation>0</Operation>
                    </Platform>
                    <Platform Name="OSX32">
                        <RemoteDir>Contents\MacOS</RemoteDir>
                        <Operation>1</Operation>
                        <Extensions>.framework</Extensions>
                    </Platform>
                </DeployClass>
                <DeployClass Name="ProjectUWPManifest">
                    <Platform Name="Win32">
                        <Operation>1</Operation>
                    </Platform>
                    <Platform Name="Win64">
                        <Operation>1</Operation>
                    </Platform>
                </DeployClass>
                <DeployClass Name="iPhone_Launch640">
                    <Platform Name="iOSSimulator">
                        <Operation>1</Operation>
                    </Platform>
                    <Platform Name="iOSDevice64">
                        <Operation>1</Operation>
                    </Platform>
                    <Platform Name="iOSDevice32">
                        <Operation>1</Operation>
                    </Platform>
                </DeployClass>
                <DeployClass Name="iPad_Launch1024">
                    <Platform Name="iOSSimulator">
                        <Operation>1</Operation>
                    </Platform>
                    <Platform Name="iOSDevice64">
                        <Operation>1</Operation>
                    </Platform>
                    <Platform Name="iOSDevice32">
                        <Operation>1</Operation>
                    </Platform>
                </DeployClass>
                <DeployClass Name="ProjectiOSDeviceDebug">
                    <Platform Name="iOSDevice64">
                        <RemoteDir>..\$(PROJECTNAME).app.dSYM\Contents\Resources\DWARF</RemoteDir>
                        <Operation>1</Operation>
                    </Platform>
                    <Platform Name="iOSDevice32">
                        <RemoteDir>..\$(PROJECTNAME).app.dSYM\Contents\Resources\DWARF</RemoteDir>
                        <Operation>1</Operation>
                    </Platform>
                </DeployClass>
                <DeployClass Name="iPhone_Launch320">
                    <Platform Name="iOSSimulator">
                        <Operation>1</Operation>
                    </Platform>
                    <Platform Name="iOSDevice64">
                        <Operation>1</Operation>
                    </Platform>
                    <Platform Name="iOSDevice32">
                        <Operation>1</Operation>
                    </Platform>
                </DeployClass>
                <DeployClass Name="ProjectiOSInfoPList">
                    <Platform Name="iOSSimulator">
                        <Operation>1</Operation>
                    </Platform>
                    <Platform Name="iOSDevice64">
                        <Operation>1</Operation>
                    </Platform>
                    <Platform Name="iOSDevice32">
                        <Operation>1</Operation>
                    </Platform>
                </DeployClass>
                <DeployClass Name="AndroidLibnativeArmeabiFile">
                    <Platform Name="Android">
                        <RemoteDir>library\lib\armeabi</RemoteDir>
                        <Operation>1</Operation>
                    </Platform>
                </DeployClass>
                <DeployClass Name="DebugSymbols">
                    <Platform Name="Win32">
                        <Operation>0</Operation>
                    </Platform>
                    <Platform Name="iOSSimulator">
                        <Operation>1</Operation>
                    </Platform>
                    <Platform Name="OSX32">
                        <RemoteDir>Contents\MacOS</RemoteDir>
                        <Operation>1</Operation>
                    </Platform>
                </DeployClass>
                <DeployClass Name="iPad_Launch1536">
                    <Platform Name="iOSSimulator">
                        <Operation>1</Operation>
                    </Platform>
                    <Platform Name="iOSDevice64">
                        <Operation>1</Operation>
                    </Platform>
                    <Platform Name="iOSDevice32">
                        <Operation>1</Operation>
                    </Platform>
                </DeployClass>
                <DeployClass Name="Android_SplashImage470">
                    <Platform Name="Android">
                        <RemoteDir>res\drawable-normal</RemoteDir>
                        <Operation>1</Operation>
                    </Platform>
                </DeployClass>
                <DeployClass Name="Android_LauncherIcon96">
                    <Platform Name="Android">
                        <RemoteDir>res\drawable-xhdpi</RemoteDir>
                        <Operation>1</Operation>
                    </Platform>
                </DeployClass>
                <DeployClass Name="Android_SplashImage640">
                    <Platform Name="Android">
                        <RemoteDir>res\drawable-large</RemoteDir>
                        <Operation>1</Operation>
                    </Platform>
                </DeployClass>
                <DeployClass Name="iPhone_Launch640x1136">
                    <Platform Name="iOSSimulator">
                        <Operation>1</Operation>
                    </Platform>
                    <Platform Name="iOSDevice64">
                        <Operation>1</Operation>
                    </Platform>
                    <Platform Name="iOSDevice32">
                        <Operation>1</Operation>
                    </Platform>
                </DeployClass>
                <DeployClass Name="UWP_DelphiLogo44">
                    <Platform Name="Win32">
                        <RemoteDir>Assets</RemoteDir>
                        <Operation>1</Operation>
                    </Platform>
                    <Platform Name="Win64">
                        <RemoteDir>Assets</RemoteDir>
                        <Operation>1</Operation>
                    </Platform>
                </DeployClass>
                <DeployClass Name="ProjectiOSEntitlements">
                    <Platform Name="iOSDevice64">
                        <RemoteDir>..\</RemoteDir>
                        <Operation>1</Operation>
                    </Platform>
                    <Platform Name="iOSDevice32">
                        <RemoteDir>..\</RemoteDir>
                        <Operation>1</Operation>
                    </Platform>
                </DeployClass>
                <DeployClass Name="Android_LauncherIcon72">
                    <Platform Name="Android">
                        <RemoteDir>res\drawable-hdpi</RemoteDir>
                        <Operation>1</Operation>
                    </Platform>
                </DeployClass>
                <DeployClass Name="AndroidGDBServer">
                    <Platform Name="Android">
                        <RemoteDir>library\lib\armeabi-v7a</RemoteDir>
                        <Operation>1</Operation>
                    </Platform>
                </DeployClass>
                <DeployClass Name="ProjectOSXInfoPList">
                    <Platform Name="OSX32">
                        <RemoteDir>Contents</RemoteDir>
                        <Operation>1</Operation>
                    </Platform>
                </DeployClass>
                <DeployClass Name="ProjectOSXEntitlements">
                    <Platform Name="OSX32">
                        <RemoteDir>..\</RemoteDir>
                        <Operation>1</Operation>
                    </Platform>
                </DeployClass>
                <DeployClass Name="UWP_DelphiLogo150">
                    <Platform Name="Win32">
                        <RemoteDir>Assets</RemoteDir>
                        <Operation>1</Operation>
                    </Platform>
                    <Platform Name="Win64">
                        <RemoteDir>Assets</RemoteDir>
                        <Operation>1</Operation>
                    </Platform>
                </DeployClass>
                <DeployClass Name="iPad_Launch2048">
                    <Platform Name="iOSSimulator">
                        <Operation>1</Operation>
                    </Platform>
                    <Platform Name="iOSDevice64">
                        <Operation>1</Operation>
                    </Platform>
                    <Platform Name="iOSDevice32">
                        <Operation>1</Operation>
                    </Platform>
                </DeployClass>
                <DeployClass Name="AndroidSplashStyles">
                    <Platform Name="Android">
                        <RemoteDir>res\values</RemoteDir>
                        <Operation>1</Operation>
                    </Platform>
                </DeployClass>
                <DeployClass Name="Android_SplashImage426">
                    <Platform Name="Android">
                        <RemoteDir>res\drawable-small</RemoteDir>
                        <Operation>1</Operation>
                    </Platform>
                </DeployClass>
                <DeployClass Name="AndroidSplashImageDef">
                    <Platform Name="Android">
                        <RemoteDir>res\drawable</RemoteDir>
                        <Operation>1</Operation>
                    </Platform>
                </DeployClass>
                <DeployClass Name="ProjectiOSResource">
                    <Platform Name="iOSSimulator">
                        <Operation>1</Operation>
                    </Platform>
                    <Platform Name="iOSDevice64">
                        <Operation>1</Operation>
                    </Platform>
                    <Platform Name="iOSDevice32">
                        <Operation>1</Operation>
                    </Platform>
                </DeployClass>
                <DeployClass Name="ProjectAndroidManifest">
                    <Platform Name="Android">
                        <Operation>1</Operation>
                    </Platform>
                </DeployClass>
                <DeployClass Name="Android_DefaultAppIcon">
                    <Platform Name="Android">
                        <RemoteDir>res\drawable</RemoteDir>
                        <Operation>1</Operation>
                    </Platform>
                </DeployClass>
                <DeployClass Name="File">
                    <Platform Name="Win32">
                        <Operation>0</Operation>
                    </Platform>
                    <Platform Name="iOSDevice64">
                        <Operation>0</Operation>
                    </Platform>
                    <Platform Name="OSX32">
                        <RemoteDir>Contents\Resources\StartUp\</RemoteDir>
                        <Operation>0</Operation>
                    </Platform>
                    <Platform Name="iOSDevice32">
                        <Operation>0</Operation>
                    </Platform>
                    <Platform Name="Android">
                        <Operation>0</Operation>
                    </Platform>
                    <Platform Name="iOSSimulator">
                        <Operation>0</Operation>
                    </Platform>
                </DeployClass>
                <DeployClass Name="AndroidServiceOutput">
                    <Platform Name="Android">
                        <RemoteDir>library\lib\armeabi-v7a</RemoteDir>
                        <Operation>1</Operation>
                    </Platform>
                </DeployClass>
                <DeployClass Required="true" Name="DependencyPackage">
                    <Platform Name="Win32">
                        <Operation>0</Operation>
                        <Extensions>.bpl</Extensions>
                    </Platform>
                    <Platform Name="iOSDevice64">
                        <Operation>1</Operation>
                        <Extensions>.dylib</Extensions>
                    </Platform>
                    <Platform Name="OSX32">
                        <RemoteDir>Contents\MacOS</RemoteDir>
                        <Operation>1</Operation>
                        <Extensions>.dylib</Extensions>
                    </Platform>
                    <Platform Name="iOSDevice32">
                        <Operation>1</Operation>
                        <Extensions>.dylib</Extensions>
                    </Platform>
                    <Platform Name="iOSSimulator">
                        <Operation>1</Operation>
                        <Extensions>.dylib</Extensions>
                    </Platform>
                </DeployClass>
                <DeployClass Name="Android_LauncherIcon48">
                    <Platform Name="Android">
                        <RemoteDir>res\drawable-mdpi</RemoteDir>
                        <Operation>1</Operation>
                    </Platform>
                </DeployClass>
                <DeployClass Name="Android_SplashImage960">
                    <Platform Name="Android">
                        <RemoteDir>res\drawable-xlarge</RemoteDir>
                        <Operation>1</Operation>
                    </Platform>
                </DeployClass>
                <DeployClass Name="Android_LauncherIcon36">
                    <Platform Name="Android">
                        <RemoteDir>res\drawable-ldpi</RemoteDir>
                        <Operation>1</Operation>
                    </Platform>
                </DeployClass>
                <DeployClass Name="ProjectiOSDeviceResourceRules">
                    <Platform Name="iOSDevice64">
                        <Operation>1</Operation>
                    </Platform>
                    <Platform Name="iOSDevice32">
                        <Operation>1</Operation>
                    </Platform>
                </DeployClass>
                <ProjectRoot Platform="iOSDevice64" Name="$(PROJECTNAME).app"/>
                <ProjectRoot Platform="Win64" Name="$(PROJECTNAME)"/>
                <ProjectRoot Platform="iOSDevice32" Name="$(PROJECTNAME).app"/>
                <ProjectRoot Platform="Linux64" Name="$(PROJECTNAME)"/>
                <ProjectRoot Platform="Win32" Name="$(PROJECTNAME)"/>
                <ProjectRoot Platform="OSX32" Name="$(PROJECTNAME).app"/>
                <ProjectRoot Platform="Android" Name="$(PROJECTNAME)"/>
                <ProjectRoot Platform="iOSSimulator" Name="$(PROJECTNAME).app"/>
            </Deployment>
            <Platforms>
                <Platform value="Win32">True</Platform>
                <Platform value="Win64">False</Platform>
            </Platforms>
        </BorlandProject>
        <ProjectFileVersion>12</ProjectFileVersion>
    </ProjectExtensions>
    <Import Project="$(BDS)\Bin\CodeGear.Delphi.Targets" Condition="Exists('$(BDS)\Bin\CodeGear.Delphi.Targets')"/>
    <Import Project="$(APPDATA)\Embarcadero\$(BDSAPPDATABASEDIR)\$(PRODUCTVERSION)\UserTools.proj" Condition="Exists('$(APPDATA)\Embarcadero\$(BDSAPPDATABASEDIR)\$(PRODUCTVERSION)\UserTools.proj')"/>
    <Import Project="$(MSBuildProjectName).deployproj" Condition="Exists('$(MSBuildProjectName).deployproj')"/>
</Project>
